{
    "_debugAndroidTestApk": {
        "com.android.support:appcompat-v7": {
            "locked": "25.3.1",
            "requested": "25.3.1"
        },
        "com.android.support:cardview-v7": {
            "locked": "25.3.1",
            "requested": "25.3.1"
        },
        "com.android.support:design": {
            "locked": "25.3.1",
            "requested": "25.3.1"
        },
        "com.android.support:recyclerview-v7": {
            "locked": "25.3.1",
            "requested": "25.3.1"
        },
        "com.facebook.fresco:fresco": {
            "locked": "1.3.0",
            "requested": "1.3.0"
        },
        "org.apache.commons:commons-lang3": {
            "locked": "3.1",
            "requested": "3.1"
        }
    },
    "_debugAndroidTestCompile": {
        "com.android.support:appcompat-v7": {
            "locked": "25.3.1",
            "requested": "25.3.1"
        },
        "com.android.support:cardview-v7": {
            "locked": "25.3.1",
            "requested": "25.3.1"
        },
        "com.android.support:design": {
            "locked": "25.3.1",
            "requested": "25.3.1"
        },
        "com.android.support:recyclerview-v7": {
            "locked": "25.3.1",
            "requested": "25.3.1"
        },
        "com.facebook.fresco:fresco": {
            "locked": "1.3.0",
            "requested": "1.3.0"
        },
        "org.apache.commons:commons-lang3": {
            "locked": "3.1",
            "requested": "3.1"
        }
    },
    "_debugCompile": {
        "com.android.support:appcompat-v7": {
            "locked": "25.3.1",
            "requested": "25.3.1"
        },
        "com.android.support:cardview-v7": {
            "locked": "25.3.1",
            "requested": "25.3.1"
        },
        "com.android.support:design": {
            "locked": "25.3.1",
            "requested": "25.3.1"
        },
        "com.android.support:recyclerview-v7": {
            "locked": "25.3.1",
            "requested": "25.3.1"
        },
        "com.facebook.fresco:fresco": {
            "locked": "1.3.0",
            "requested": "1.3.0"
        },
        "org.apache.commons:commons-lang3": {
            "locked": "3.1",
            "requested": "3.1"
        }
    },
    "_debugPublish": {
        "com.android.support:appcompat-v7": {
            "locked": "25.3.1",
            "requested": "25.3.1"
        },
        "com.android.support:cardview-v7": {
            "locked": "25.3.1",
            "requested": "25.3.1"
        },
        "com.android.support:design": {
            "locked": "25.3.1",
            "requested": "25.3.1"
        },
        "com.android.support:recyclerview-v7": {
            "locked": "25.3.1",
            "requested": "25.3.1"
        },
        "com.facebook.fresco:fresco": {
            "locked": "1.3.0",
            "requested": "1.3.0"
        },
        "org.apache.commons:commons-lang3": {
            "locked": "3.1",
            "requested": "3.1"
        }
    },
    "_debugUnitTestApk": {
        "com.android.support:appcompat-v7": {
            "locked": "25.3.1",
            "requested": "25.3.1"
        },
        "com.android.support:cardview-v7": {
            "locked": "25.3.1",
            "requested": "25.3.1"
        },
        "com.android.support:design": {
            "locked": "25.3.1",
            "requested": "25.3.1"
        },
        "com.android.support:recyclerview-v7": {
            "locked": "25.3.1",
            "requested": "25.3.1"
        },
        "com.facebook.fresco:fresco": {
            "locked": "1.3.0",
            "requested": "1.3.0"
        },
        "com.mercadolibre.android.testing:core": {
            "locked": "7.0.0",
            "requested": "7.0.0"
        },
        "com.mercadolibre.android.testing:shadows": {
            "locked": "7.0.0",
            "requested": "7.0.0"
        },
        "junit:junit": {
            "locked": "4.12",
            "requested": "4.12"
        },
        "org.apache.commons:commons-lang3": {
            "locked": "3.1",
            "requested": "3.1"
        }
    },
    "_debugUnitTestCompile": {
        "com.android.support:appcompat-v7": {
            "locked": "25.3.1",
            "requested": "25.3.1"
        },
        "com.android.support:cardview-v7": {
            "locked": "25.3.1",
            "requested": "25.3.1"
        },
        "com.android.support:design": {
            "locked": "25.3.1",
            "requested": "25.3.1"
        },
        "com.android.support:recyclerview-v7": {
            "locked": "25.3.1",
            "requested": "25.3.1"
        },
        "com.facebook.fresco:fresco": {
            "locked": "1.3.0",
            "requested": "1.3.0"
        },
        "com.mercadolibre.android.testing:core": {
            "locked": "7.0.0",
            "requested": "7.0.0"
        },
        "com.mercadolibre.android.testing:shadows": {
            "locked": "7.0.0",
            "requested": "7.0.0"
        },
        "junit:junit": {
            "locked": "4.12",
            "requested": "4.12"
        },
        "org.apache.commons:commons-lang3": {
            "locked": "3.1",
            "requested": "3.1"
        }
    },
    "_releaseCompile": {
        "com.android.support:appcompat-v7": {
            "locked": "25.3.1",
            "requested": "25.3.1"
        },
        "com.android.support:cardview-v7": {
            "locked": "25.3.1",
            "requested": "25.3.1"
        },
        "com.android.support:design": {
            "locked": "25.3.1",
            "requested": "25.3.1"
        },
        "com.android.support:recyclerview-v7": {
            "locked": "25.3.1",
            "requested": "25.3.1"
        },
        "com.facebook.fresco:fresco": {
            "locked": "1.3.0",
            "requested": "1.3.0"
        },
        "org.apache.commons:commons-lang3": {
            "locked": "3.1",
            "requested": "3.1"
        }
    },
    "_releasePublish": {
        "com.android.support:appcompat-v7": {
            "locked": "25.3.1",
            "requested": "25.3.1"
        },
        "com.android.support:cardview-v7": {
            "locked": "25.3.1",
            "requested": "25.3.1"
        },
        "com.android.support:design": {
            "locked": "25.3.1",
            "requested": "25.3.1"
        },
        "com.android.support:recyclerview-v7": {
            "locked": "25.3.1",
            "requested": "25.3.1"
        },
        "com.facebook.fresco:fresco": {
            "locked": "1.3.0",
            "requested": "1.3.0"
        },
        "org.apache.commons:commons-lang3": {
            "locked": "3.1",
            "requested": "3.1"
        }
    },
    "_releaseUnitTestApk": {
        "com.android.support:appcompat-v7": {
            "locked": "25.3.1",
            "requested": "25.3.1"
        },
        "com.android.support:cardview-v7": {
            "locked": "25.3.1",
            "requested": "25.3.1"
        },
        "com.android.support:design": {
            "locked": "25.3.1",
            "requested": "25.3.1"
        },
        "com.android.support:recyclerview-v7": {
            "locked": "25.3.1",
            "requested": "25.3.1"
        },
        "com.facebook.fresco:fresco": {
            "locked": "1.3.0",
            "requested": "1.3.0"
        },
        "com.mercadolibre.android.testing:core": {
            "locked": "7.0.0",
            "requested": "7.0.0"
        },
        "com.mercadolibre.android.testing:shadows": {
            "locked": "7.0.0",
            "requested": "7.0.0"
        },
        "junit:junit": {
            "locked": "4.12",
            "requested": "4.12"
        },
        "org.apache.commons:commons-lang3": {
            "locked": "3.1",
            "requested": "3.1"
        }
    },
    "_releaseUnitTestCompile": {
        "com.android.support:appcompat-v7": {
            "locked": "25.3.1",
            "requested": "25.3.1"
        },
        "com.android.support:cardview-v7": {
            "locked": "25.3.1",
            "requested": "25.3.1"
        },
        "com.android.support:design": {
            "locked": "25.3.1",
            "requested": "25.3.1"
        },
        "com.android.support:recyclerview-v7": {
            "locked": "25.3.1",
            "requested": "25.3.1"
        },
        "com.facebook.fresco:fresco": {
            "locked": "1.3.0",
            "requested": "1.3.0"
        },
        "com.mercadolibre.android.testing:core": {
            "locked": "7.0.0",
            "requested": "7.0.0"
        },
        "com.mercadolibre.android.testing:shadows": {
            "locked": "7.0.0",
            "requested": "7.0.0"
        },
        "junit:junit": {
            "locked": "4.12",
            "requested": "4.12"
        },
        "org.apache.commons:commons-lang3": {
            "locked": "3.1",
            "requested": "3.1"
        }
    },
    "androidJacocoAgent": {
        "org.jacoco:org.jacoco.agent": {
            "locked": "0.7.5.201505241946"
        }
    },
    "androidJacocoAnt": {
        "org.jacoco:org.jacoco.ant": {
            "locked": "0.7.5.201505241946"
        }
    },
    "archives": {
        "com.android.support:appcompat-v7": {
            "locked": "25.3.1",
            "requested": "25.3.1"
        },
        "com.android.support:cardview-v7": {
            "locked": "25.3.1",
            "requested": "25.3.1"
        },
        "com.android.support:design": {
            "locked": "25.3.1",
            "requested": "25.3.1"
        },
        "com.android.support:recyclerview-v7": {
            "locked": "25.3.1",
            "requested": "25.3.1"
        },
        "com.facebook.fresco:fresco": {
            "locked": "1.3.0",
            "requested": "1.3.0"
        },
        "org.apache.commons:commons-lang3": {
            "locked": "3.1",
            "requested": "3.1"
        }
    },
    "compile": {
        "com.android.support:appcompat-v7": {
            "locked": "25.3.1",
            "requested": "25.3.1"
        },
        "com.android.support:cardview-v7": {
            "locked": "25.3.1",
            "requested": "25.3.1"
        },
        "com.android.support:design": {
            "locked": "25.3.1",
            "requested": "25.3.1"
        },
        "com.android.support:recyclerview-v7": {
            "locked": "25.3.1",
            "requested": "25.3.1"
        },
        "com.facebook.fresco:fresco": {
            "locked": "1.3.0",
            "requested": "1.3.0"
        },
        "org.apache.commons:commons-lang3": {
            "locked": "3.1",
            "requested": "3.1"
        }
    },
    "debug": {
        "com.android.support:appcompat-v7": {
            "locked": "25.3.1",
            "requested": "25.3.1"
        },
        "com.android.support:cardview-v7": {
            "locked": "25.3.1",
            "requested": "25.3.1"
        },
        "com.android.support:design": {
            "locked": "25.3.1",
            "requested": "25.3.1"
        },
        "com.android.support:recyclerview-v7": {
            "locked": "25.3.1",
            "requested": "25.3.1"
        },
        "com.facebook.fresco:fresco": {
            "locked": "1.3.0",
            "requested": "1.3.0"
        },
        "org.apache.commons:commons-lang3": {
            "locked": "3.1",
            "requested": "3.1"
        }
    },
    "debug-classes": {
        "com.android.support:appcompat-v7": {
            "locked": "25.3.1",
            "requested": "25.3.1"
        },
        "com.android.support:cardview-v7": {
            "locked": "25.3.1",
            "requested": "25.3.1"
        },
        "com.android.support:design": {
            "locked": "25.3.1",
            "requested": "25.3.1"
        },
        "com.android.support:recyclerview-v7": {
            "locked": "25.3.1",
            "requested": "25.3.1"
        },
        "com.facebook.fresco:fresco": {
            "locked": "1.3.0",
            "requested": "1.3.0"
        },
        "org.apache.commons:commons-lang3": {
            "locked": "3.1",
            "requested": "3.1"
        }
    },
    "default": {
        "com.android.support:appcompat-v7": {
            "locked": "25.3.1",
            "requested": "25.3.1"
        },
        "com.android.support:cardview-v7": {
            "locked": "25.3.1",
            "requested": "25.3.1"
        },
        "com.android.support:design": {
            "locked": "25.3.1",
            "requested": "25.3.1"
        },
        "com.android.support:recyclerview-v7": {
            "locked": "25.3.1",
            "requested": "25.3.1"
        },
        "com.facebook.fresco:fresco": {
            "locked": "1.3.0",
            "requested": "1.3.0"
        },
        "org.apache.commons:commons-lang3": {
            "locked": "3.1",
            "requested": "3.1"
        }
    },
    "jacocoAgent": {
        "org.jacoco:org.jacoco.agent": {
            "locked": "0.7.8"
        }
    },
    "jacocoAnt": {
        "org.jacoco:org.jacoco.ant": {
            "locked": "0.7.8"
        }
    },
    "release": {
        "com.android.support:appcompat-v7": {
            "locked": "25.3.1",
            "requested": "25.3.1"
        },
        "com.android.support:cardview-v7": {
            "locked": "25.3.1",
            "requested": "25.3.1"
        },
        "com.android.support:design": {
            "locked": "25.3.1",
            "requested": "25.3.1"
        },
        "com.android.support:recyclerview-v7": {
            "locked": "25.3.1",
            "requested": "25.3.1"
        },
        "com.facebook.fresco:fresco": {
            "locked": "1.3.0",
            "requested": "1.3.0"
        },
        "org.apache.commons:commons-lang3": {
            "locked": "3.1",
            "requested": "3.1"
        }
    },
    "release-classes": {
        "com.android.support:appcompat-v7": {
            "locked": "25.3.1",
            "requested": "25.3.1"
        },
        "com.android.support:cardview-v7": {
            "locked": "25.3.1",
            "requested": "25.3.1"
        },
        "com.android.support:design": {
            "locked": "25.3.1",
            "requested": "25.3.1"
        },
        "com.android.support:recyclerview-v7": {
            "locked": "25.3.1",
            "requested": "25.3.1"
        },
        "com.facebook.fresco:fresco": {
            "locked": "1.3.0",
            "requested": "1.3.0"
        },
        "org.apache.commons:commons-lang3": {
            "locked": "3.1",
            "requested": "3.1"
        }
    },
    "testCompile": {
        "com.mercadolibre.android.testing:core": {
            "locked": "7.0.0",
            "requested": "7.0.0"
        },
        "com.mercadolibre.android.testing:shadows": {
            "locked": "7.0.0",
            "requested": "7.0.0"
        },
        "junit:junit": {
            "locked": "4.12",
            "requested": "4.12"
        }
    }
}