{
    "_debugApk": {
        "com.android.support:appcompat-v7": {
            "locked": "25.3.1",
            "requested": "25.3.1"
        },
        "com.android.support:recyclerview-v7": {
            "locked": "25.3.1",
            "requested": "25.3.1"
        },
        "com.facebook.stetho:stetho": {
            "locked": "1.1.1",
            "requested": "1.1.1"
        }
    },
    "_debugCompile": {
        "com.android.support:appcompat-v7": {
            "locked": "25.3.1",
            "requested": "25.3.1"
        },
        "com.android.support:recyclerview-v7": {
            "locked": "25.3.1",
            "requested": "25.3.1"
        },
        "com.facebook.stetho:stetho": {
            "locked": "1.1.1",
            "requested": "1.1.1"
        }
    },
    "_releaseApk": {
        "com.android.support:appcompat-v7": {
            "locked": "25.3.1",
            "requested": "25.3.1"
        },
        "com.android.support:recyclerview-v7": {
            "locked": "25.3.1",
            "requested": "25.3.1"
        },
        "com.facebook.stetho:stetho": {
            "locked": "1.1.1",
            "requested": "1.1.1"
        }
    },
    "_releaseCompile": {
        "com.android.support:appcompat-v7": {
            "locked": "25.3.1",
            "requested": "25.3.1"
        },
        "com.android.support:recyclerview-v7": {
            "locked": "25.3.1",
            "requested": "25.3.1"
        },
        "com.facebook.stetho:stetho": {
            "locked": "1.1.1",
            "requested": "1.1.1"
        }
    },
    "androidJacocoAgent": {
        "org.jacoco:org.jacoco.agent": {
            "locked": "0.7.5.201505241946"
        }
    },
    "androidJacocoAnt": {
        "org.jacoco:org.jacoco.ant": {
            "locked": "0.7.5.201505241946"
        }
    },
    "compile": {
        "com.android.support:appcompat-v7": {
            "locked": "25.3.1",
            "requested": "25.3.1"
        },
        "com.android.support:recyclerview-v7": {
            "locked": "25.3.1",
            "requested": "25.3.1"
        },
        "com.facebook.stetho:stetho": {
            "locked": "1.1.1",
            "requested": "1.1.1"
        }
    },
    "jacocoAgent": {
        "org.jacoco:org.jacoco.agent": {
            "locked": "0.7.8"
        }
    },
    "jacocoAnt": {
        "org.jacoco:org.jacoco.ant": {
            "locked": "0.7.8"
        }
    }
}